{
  "name": "mockapi",
  "version": "1.0.0",
  "lockfileVersion": 2,
  "requires": true,
  "packages": {
    "": {
      "name": "mockapi",
      "version": "1.0.0",
      "license": "ISC",
      "dependencies": {
        "yaml": "2.0.0-5"
      },
      "bin": {
        "mockapi": "main.js"
      }
    },
    "node_modules/yaml": {
      "version": "2.0.0-5",
      "resolved": "https://registry.npmjs.org/yaml/-/yaml-2.0.0-5.tgz",
      "integrity": "sha512-qH5L5eqW8cyv/N1U6rkK/O0M7kOK3BSo48d05Ptm03ITNsVFwg6TQ47wR72Db/ULWH5RfNJv+CqnG17Pyn8eqQ==",
      "engines": {
        "node": ">= 10"
      }
    }
  },
  "dependencies": {
    "yaml": {
      "version": "2.0.0-5",
      "resolved": "https://registry.npmjs.org/yaml/-/yaml-2.0.0-5.tgz",
      "integrity": "sha512-qH5L5eqW8cyv/N1U6rkK/O0M7kOK3BSo48d05Ptm03ITNsVFwg6TQ47wR72Db/ULWH5RfNJv+CqnG17Pyn8eqQ=="
    }
  }
}
