{
  "name": "mockapi-msi",
  "version": "2.5.1",
  "lockfileVersion": 2,
  "requires": true,
  "packages": {
    "": {
      "name": "mockapi-msi",
      "version": "2.5.1",
      "license": "ISC",
      "dependencies": {
        "swagger-ui-dist": "5.32.15",
        "yaml": "2.8.3"
      },
      "bin": {
        "mockapi": "main.js"
      },
      "engines": {
        "node": ">=22"
      }
    },
    "node_modules/@scarf/scarf": {
      "version": "1.4.0",
      "resolved": "https://registry.npmjs.org/@scarf/scarf/-/scarf-1.4.0.tgz",
      "integrity": "sha512-xxeapPiUXdZAE3che6f3xogoJPeZgig6omHEy1rIY5WVsB3H2BHNnZH+gHG6x91SCWyQCzWGsuL2Hh3ClO5/qQ==",
      "hasInstallScript": true,
      "license": "Apache-2.0"
    },
    "node_modules/swagger-ui-dist": {
      "version": "5.32.15",
      "resolved": "https://registry.npmjs.org/swagger-ui-dist/-/swagger-ui-dist-5.32.15.tgz",
      "integrity": "sha512-TSFER+rFQlf1nzk6WvKkMaHTxAPQ3eAAxigFThnxQedSREanfZgSbJFayZVs/ULnSbNdrJOb99vLD6xpb3R3eg==",
      "license": "Apache-2.0",
      "dependencies": {
        "@scarf/scarf": "=1.4.0"
      }
    },
    "node_modules/yaml": {
      "version": "2.8.3",
      "resolved": "https://registry.npmjs.org/yaml/-/yaml-2.8.3.tgz",
      "integrity": "sha512-AvbaCLOO2Otw/lW5bmh9d/WEdcDFdQp2Z2ZUH3pX9U2ihyUY0nvLv7J6TrWowklRGPYbB/IuIMfYgxaCPg5Bpg==",
      "bin": {
        "yaml": "bin.mjs"
      },
      "engines": {
        "node": ">= 14.6"
      },
      "funding": {
        "url": "https://github.com/sponsors/eemeli"
      }
    }
  },
  "dependencies": {
    "@scarf/scarf": {
      "version": "1.4.0",
      "resolved": "https://registry.npmjs.org/@scarf/scarf/-/scarf-1.4.0.tgz",
      "integrity": "sha512-xxeapPiUXdZAE3che6f3xogoJPeZgig6omHEy1rIY5WVsB3H2BHNnZH+gHG6x91SCWyQCzWGsuL2Hh3ClO5/qQ=="
    },
    "swagger-ui-dist": {
      "version": "5.32.15",
      "resolved": "https://registry.npmjs.org/swagger-ui-dist/-/swagger-ui-dist-5.32.15.tgz",
      "integrity": "sha512-TSFER+rFQlf1nzk6WvKkMaHTxAPQ3eAAxigFThnxQedSREanfZgSbJFayZVs/ULnSbNdrJOb99vLD6xpb3R3eg==",
      "requires": {
        "@scarf/scarf": "=1.4.0"
      }
    },
    "yaml": {
      "version": "2.8.3",
      "resolved": "https://registry.npmjs.org/yaml/-/yaml-2.8.3.tgz",
      "integrity": "sha512-AvbaCLOO2Otw/lW5bmh9d/WEdcDFdQp2Z2ZUH3pX9U2ihyUY0nvLv7J6TrWowklRGPYbB/IuIMfYgxaCPg5Bpg=="
    }
  }
}
